
Microsoft Visual Studio Solution File, Format Version 12.00
# Visual Studio Version 17
VisualStudioVersion = 17.11.35222.181
MinimumVisualStudioVersion = 10.0.40219.1
Project("{FAE04EC0-301F-11D3-BF4B-00C04F79EFBC}") = "TridyAObjekty_kostka", "TridyAObjekty_kostka\TridyAObjekty_kostka.csproj", "{C9D122A8-579A-4EEC-A848-B10EAFE595C5}"
EndProject
Global
	GlobalSection(SolutionConfigurationPlatforms) = preSolution
		Debug|Any CPU = Debug|Any CPU
		Release|Any CPU = Release|Any CPU
	EndGlobalSection
	GlobalSection(ProjectConfigurationPlatforms) = postSolution
		{C9D122A8-579A-4EEC-A848-B10EAFE595C5}.Debug|Any CPU.ActiveCfg = Debug|Any CPU
		{C9D122A8-579A-4EEC-A848-B10EAFE595C5}.Debug|Any CPU.Build.0 = Debug|Any CPU
		{C9D122A8-579A-4EEC-A848-B10EAFE595C5}.Release|Any CPU.ActiveCfg = Release|Any CPU
		{C9D122A8-579A-4EEC-A848-B10EAFE595C5}.Release|Any CPU.Build.0 = Release|Any CPU
	EndGlobalSection
	GlobalSection(SolutionProperties) = preSolution
		HideSolutionNode = FALSE
	EndGlobalSection
	GlobalSection(ExtensibilityGlobals) = postSolution
		SolutionGuid = {979836F0-99E4-4253-81AD-717852B1C2C1}
	EndGlobalSection
EndGlobal
